
Microsoft Visual Studio Solution File, Format Version 12.00
# Visual Studio 15
Project("{FAE04EC0-301F-11D3-BF4B-00C04F79EFBC}") = "UnityEngine.TestRunner", "UnityEngine.TestRunner.csproj", "{93E1969F-183E-72DF-4FFA-3269EAA33B88}"
EndProject
Project("{FAE04EC0-301F-11D3-BF4B-00C04F79EFBC}") = "UnityEngine.UI", "UnityEngine.UI.csproj", "{A365A38C-8236-ADC4-2ED7-AE881EC27A05}"
EndProject
Project("{FAE04EC0-301F-11D3-BF4B-00C04F79EFBC}") = "Unity.VisualScripting.Flow", "Unity.VisualScripting.Flow.csproj", "{D20C0182-95FA-7937-FED6-2458D3224612}"
EndProject
Project("{FAE04EC0-301F-11D3-BF4B-00C04F79EFBC}") = "Unity.Mathematics", "Unity.Mathematics.csproj", "{9327F2C3-E1F1-A2DF-7DAD-5A4CDB3F5503}"
EndProject
Project("{FAE04EC0-301F-11D3-BF4B-00C04F79EFBC}") = "Unity.Services.Core.Telemetry", "Unity.Services.Core.Telemetry.csproj", "{5AD0FEFE-4ED0-1EE1-5745-C8B936639AF9}"
EndProject
Project("{FAE04EC0-301F-11D3-BF4B-00C04F79EFBC}") = "Unity.VisualScripting.State", "Unity.VisualScripting.State.csproj", "{07082228-A340-D204-8285-EB02404DD020}"
EndProject
Project("{FAE04EC0-301F-11D3-BF4B-00C04F79EFBC}") = "Unity.VisualScripting.Core", "Unity.VisualScripting.Core.csproj", "{7746B4DE-5B20-D219-5EEF-BF1E1AC0EB15}"
EndProject
Project("{FAE04EC0-301F-11D3-BF4B-00C04F79EFBC}") = "Unity.Services.Core.Environments.Internal", "Unity.Services.Core.Environments.Internal.csproj", "{65D04C31-3B95-5F0B-F2BD-6319859F2503}"
EndProject
Project("{FAE04EC0-301F-11D3-BF4B-00C04F79EFBC}") = "Unity.Burst", "Unity.Burst.csproj", "{08969C52-1DD4-DFBC-5532-4C33F5567ED1}"
EndProject
Project("{FAE04EC0-301F-11D3-BF4B-00C04F79EFBC}") = "Unity.2D.Animation.Runtime", "Unity.2D.Animation.Runtime.csproj", "{5E3F83D9-8EB1-76BA-CB12-B87363B3C077}"
EndProject
Project("{FAE04EC0-301F-11D3-BF4B-00C04F79EFBC}") = "Unity.TextMeshPro", "Unity.TextMeshPro.csproj", "{D0F4D504-CDD2-903A-4998-50C677A50E2B}"
EndProject
Project("{FAE04EC0-301F-11D3-BF4B-00C04F79EFBC}") = "Unity.Timeline", "Unity.Timeline.csproj", "{3426A3D9-79E7-3658-3260-C57A62C14072}"
EndProject
Project("{FAE04EC0-301F-11D3-BF4B-00C04F79EFBC}") = "Unity.Services.Core", "Unity.Services.Core.csproj", "{F8D2B24D-ADDC-8651-8051-963245EFF877}"
EndProject
Project("{FAE04EC0-301F-11D3-BF4B-00C04F79EFBC}") = "Unity.Services.Core.Environments", "Unity.Services.Core.Environments.csproj", "{76ED042C-F0B9-4599-AB90-3FC787E03140}"
EndProject
Project("{FAE04EC0-301F-11D3-BF4B-00C04F79EFBC}") = "Unity.Services.Core.Internal", "Unity.Services.Core.Internal.csproj", "{FF162C3B-48AC-D05A-6C36-4F13BC18C329}"
EndProject
Project("{FAE04EC0-301F-11D3-BF4B-00C04F79EFBC}") = "Unity.Services.Core.Analytics", "Unity.Services.Core.Analytics.csproj", "{E8B8DF82-B284-C28C-5BF0-93C773DF4210}"
EndProject
Project("{FAE04EC0-301F-11D3-BF4B-00C04F79EFBC}") = "Unity.2D.SpriteShape.Runtime", "Unity.2D.SpriteShape.Runtime.csproj", "{71AD8725-F6EC-B688-6074-4C76285DC3A4}"
EndProject
Project("{FAE04EC0-301F-11D3-BF4B-00C04F79EFBC}") = "Unity.Services.Core.Scheduler", "Unity.Services.Core.Scheduler.csproj", "{D2650718-796B-7795-6B8A-4882AC83D68C}"
EndProject
Project("{FAE04EC0-301F-11D3-BF4B-00C04F79EFBC}") = "Unity.Services.Core.Registration", "Unity.Services.Core.Registration.csproj", "{A0AC5D9D-B454-84D2-726A-716AC9EF0018}"
EndProject
Project("{FAE04EC0-301F-11D3-BF4B-00C04F79EFBC}") = "Unity.2D.PixelPerfect", "Unity.2D.PixelPerfect.csproj", "{9F29DD06-B793-5D6E-9B36-1457DFAF784D}"
EndProject
Project("{FAE04EC0-301F-11D3-BF4B-00C04F79EFBC}") = "Unity.2D.Common.Runtime", "Unity.2D.Common.Runtime.csproj", "{01F394D5-5AA3-CC41-820A-06E9B9328E38}"
EndProject
Project("{FAE04EC0-301F-11D3-BF4B-00C04F79EFBC}") = "Unity.2D.IK.Runtime", "Unity.2D.IK.Runtime.csproj", "{40DCA7E0-436E-1B5D-21C4-E79086FEF9BD}"
EndProject
Project("{FAE04EC0-301F-11D3-BF4B-00C04F79EFBC}") = "Unity.Services.Core.Device", "Unity.Services.Core.Device.csproj", "{0DF31F3C-38DD-76C2-452F-9BF801B0530D}"
EndProject
Project("{FAE04EC0-301F-11D3-BF4B-00C04F79EFBC}") = "Unity.Services.Core.Threading", "Unity.Services.Core.Threading.csproj", "{9EF036CF-1C17-5276-F885-E7464D012D1C}"
EndProject
Project("{FAE04EC0-301F-11D3-BF4B-00C04F79EFBC}") = "Unity.2D.Tilemap.Extras", "Unity.2D.Tilemap.Extras.csproj", "{0A22D34D-BF6E-BBAF-F495-B16C63901C32}"
EndProject
Project("{FAE04EC0-301F-11D3-BF4B-00C04F79EFBC}") = "Unity.Services.Core.Networking", "Unity.Services.Core.Networking.csproj", "{D0070CEB-DAF4-FB2F-2202-31CDA2901C51}"
EndProject
Project("{FAE04EC0-301F-11D3-BF4B-00C04F79EFBC}") = "Unity.InternalAPIEngineBridge.001", "Unity.InternalAPIEngineBridge.001.csproj", "{0F65B7EC-9A49-8531-29B1-499508189CFE}"
EndProject
Project("{FAE04EC0-301F-11D3-BF4B-00C04F79EFBC}") = "Unity.Services.Core.Configuration", "Unity.Services.Core.Configuration.csproj", "{C844C1E4-611C-D74F-F46A-80737302DB4D}"
EndProject
Project("{FAE04EC0-301F-11D3-BF4B-00C04F79EFBC}") = "Assembly-CSharp", "Assembly-CSharp.csproj", "{70ED6028-D5F2-31DA-F81D-8756CBE654A6}"
EndProject
Project("{FAE04EC0-301F-11D3-BF4B-00C04F79EFBC}") = "Unity.PlasticSCM.Editor", "Unity.PlasticSCM.Editor.csproj", "{0EFB14CF-2BFD-9E48-E81E-B68C07B91A79}"
EndProject
Project("{FAE04EC0-301F-11D3-BF4B-00C04F79EFBC}") = "Unity.VisualScripting.Core.Editor", "Unity.VisualScripting.Core.Editor.csproj", "{1360FBF7-CBFE-89BB-DAE5-48DDEF262EDB}"
EndProject
Project("{FAE04EC0-301F-11D3-BF4B-00C04F79EFBC}") = "Unity.VisualScripting.Flow.Editor", "Unity.VisualScripting.Flow.Editor.csproj", "{F14135FA-D5AD-F081-80C1-8D7307FD08A9}"
EndProject
Project("{FAE04EC0-301F-11D3-BF4B-00C04F79EFBC}") = "Unity.VisualStudio.Editor", "Unity.VisualStudio.Editor.csproj", "{CB1AC130-6275-961B-7158-37C89BCF91A4}"
EndProject
Project("{FAE04EC0-301F-11D3-BF4B-00C04F79EFBC}") = "Unity.Timeline.Editor", "Unity.Timeline.Editor.csproj", "{02E85228-5B08-2DA5-FD1D-F9FADFBB97C4}"
EndProject
Project("{FAE04EC0-301F-11D3-BF4B-00C04F79EFBC}") = "Unity.VisualScripting.State.Editor", "Unity.VisualScripting.State.Editor.csproj", "{651D824D-F2F1-862B-4B85-9394928AC310}"
EndProject
Project("{FAE04EC0-301F-11D3-BF4B-00C04F79EFBC}") = "Unity.TextMeshPro.Editor", "Unity.TextMeshPro.Editor.csproj", "{51784EC2-602F-9E68-AA52-B598F8ECC545}"
EndProject
Project("{FAE04EC0-301F-11D3-BF4B-00C04F79EFBC}") = "Unity.2D.Animation.Editor", "Unity.2D.Animation.Editor.csproj", "{2FFBB332-E2A5-E763-9B29-1AB692C5D4C1}"
EndProject
Project("{FAE04EC0-301F-11D3-BF4B-00C04F79EFBC}") = "Unity.VisualScripting.SettingsProvider.Editor", "Unity.VisualScripting.SettingsProvider.Editor.csproj", "{598439B7-A045-95E5-5856-0933335178FF}"
EndProject
Project("{FAE04EC0-301F-11D3-BF4B-00C04F79EFBC}") = "Unity.CollabProxy.Editor", "Unity.CollabProxy.Editor.csproj", "{27645218-878C-B067-E855-AE929C1E4FF4}"
EndProject
Project("{FAE04EC0-301F-11D3-BF4B-00C04F79EFBC}") = "UnityEditor.TestRunner", "UnityEditor.TestRunner.csproj", "{8019BEF7-D212-84ED-30B4-02EF7BC8ECE6}"
EndProject
Project("{FAE04EC0-301F-11D3-BF4B-00C04F79EFBC}") = "Unity.2D.Tilemap.Editor", "Unity.2D.Tilemap.Editor.csproj", "{4C01BA39-802C-1F40-23FE-401C417D5B64}"
EndProject
Project("{FAE04EC0-301F-11D3-BF4B-00C04F79EFBC}") = "Unity.Services.Core.Editor", "Unity.Services.Core.Editor.csproj", "{62596D92-E42A-6CEF-F1F1-1BADC2D560FE}"
EndProject
Project("{FAE04EC0-301F-11D3-BF4B-00C04F79EFBC}") = "Unity.Rider.Editor", "Unity.Rider.Editor.csproj", "{4B68704C-41E4-2DF4-37B8-EDF8784A8D60}"
EndProject
Project("{FAE04EC0-301F-11D3-BF4B-00C04F79EFBC}") = "Unity.2D.Path.Editor", "Unity.2D.Path.Editor.csproj", "{095474B5-608E-F54B-473E-9E8470A7C5C7}"
EndProject
Project("{FAE04EC0-301F-11D3-BF4B-00C04F79EFBC}") = "PsdPlugin", "PsdPlugin.csproj", "{89E717B6-701F-7DAE-1B71-959C4B71328B}"
EndProject
Project("{FAE04EC0-301F-11D3-BF4B-00C04F79EFBC}") = "Unity.2D.IK.Editor", "Unity.2D.IK.Editor.csproj", "{8B692C56-E14C-9855-9D0C-7CBA3F165832}"
EndProject
Project("{FAE04EC0-301F-11D3-BF4B-00C04F79EFBC}") = "Unity.2D.Psdimporter.Editor", "Unity.2D.Psdimporter.Editor.csproj", "{8916605F-2A7D-E511-21B6-23B0E37D451F}"
EndProject
Project("{FAE04EC0-301F-11D3-BF4B-00C04F79EFBC}") = "Unity.2D.SpriteShape.Editor", "Unity.2D.SpriteShape.Editor.csproj", "{D85C8A6D-C11C-394B-552C-65961A63C3DC}"
EndProject
Project("{FAE04EC0-301F-11D3-BF4B-00C04F79EFBC}") = "Unity.Burst.CodeGen", "Unity.Burst.CodeGen.csproj", "{69167CCA-F421-08D7-9531-B8766279662E}"
EndProject
Project("{FAE04EC0-301F-11D3-BF4B-00C04F79EFBC}") = "Unity.2D.PixelPerfect.Editor", "Unity.2D.PixelPerfect.Editor.csproj", "{A71AC073-43F8-DA26-8A9C-C7671C8C2C4C}"
EndProject
Project("{FAE04EC0-301F-11D3-BF4B-00C04F79EFBC}") = "Unity.VSCode.Editor", "Unity.VSCode.Editor.csproj", "{51F715DD-0988-7B3C-F1F0-805FC3B1B837}"
EndProject
Project("{FAE04EC0-301F-11D3-BF4B-00C04F79EFBC}") = "Unity.2D.Sprite.Editor", "Unity.2D.Sprite.Editor.csproj", "{243C5720-4126-680D-366A-20648169F240}"
EndProject
Project("{FAE04EC0-301F-11D3-BF4B-00C04F79EFBC}") = "UnityEditor.UI", "UnityEditor.UI.csproj", "{C9A22F42-358A-BA2F-5538-5A6F04F70883}"
EndProject
Project("{FAE04EC0-301F-11D3-BF4B-00C04F79EFBC}") = "Unity.2D.Common.Editor", "Unity.2D.Common.Editor.csproj", "{E0B7023A-474E-FB72-A26E-3744DC75EEAD}"
EndProject
Project("{FAE04EC0-301F-11D3-BF4B-00C04F79EFBC}") = "Unity.Mathematics.Editor", "Unity.Mathematics.Editor.csproj", "{3310977D-FB1F-666A-66D6-F9ACB5B8A4A9}"
EndProject
Project("{FAE04EC0-301F-11D3-BF4B-00C04F79EFBC}") = "Unity.Services.Core.Configuration.Editor", "Unity.Services.Core.Configuration.Editor.csproj", "{41D1CAA6-378A-FDDE-447F-5E0D11EC595C}"
EndProject
Project("{FAE04EC0-301F-11D3-BF4B-00C04F79EFBC}") = "Unity.2D.Tilemap.Extras.Editor", "Unity.2D.Tilemap.Extras.Editor.csproj", "{AE3DC65F-EC7F-10DD-ECEE-B4D51AC3A1FC}"
EndProject
Project("{FAE04EC0-301F-11D3-BF4B-00C04F79EFBC}") = "Unity.Burst.Editor", "Unity.Burst.Editor.csproj", "{8AB28854-F07F-A2D6-47CD-D6942E1D4756}"
EndProject
Project("{FAE04EC0-301F-11D3-BF4B-00C04F79EFBC}") = "Unity.InternalAPIEditorBridge.001", "Unity.InternalAPIEditorBridge.001.csproj", "{CC2E7854-DD20-9DEC-89A6-C30960E2779E}"
EndProject
Project("{FAE04EC0-301F-11D3-BF4B-00C04F79EFBC}") = "Unity.VisualScripting.Shared.Editor", "Unity.VisualScripting.Shared.Editor.csproj", "{691851A3-EFF1-F587-3D46-20A4BDB45FD1}"
EndProject
Project("{FAE04EC0-301F-11D3-BF4B-00C04F79EFBC}") = "UnityEngine.TestRunner", "UnityEngine.TestRunner.Player.csproj", "{FB4F2334-8C97-75E5-9A7E-330C270D3F40}"
EndProject
Project("{FAE04EC0-301F-11D3-BF4B-00C04F79EFBC}") = "UnityEngine.UI", "UnityEngine.UI.Player.csproj", "{C0648E4C-7C51-D70A-E58F-223B455041A1}"
EndProject
Project("{FAE04EC0-301F-11D3-BF4B-00C04F79EFBC}") = "Unity.VisualScripting.Flow", "Unity.VisualScripting.Flow.Player.csproj", "{4031239D-CAE9-4737-9DB3-F5F22378B165}"
EndProject
Project("{FAE04EC0-301F-11D3-BF4B-00C04F79EFBC}") = "Unity.Mathematics", "Unity.Mathematics.Player.csproj", "{7E3C4A9D-D43D-8E11-4B7E-331DB9046856}"
EndProject
Project("{FAE04EC0-301F-11D3-BF4B-00C04F79EFBC}") = "Unity.Services.Core.Telemetry", "Unity.Services.Core.Telemetry.Player.csproj", "{D07BD440-5EE3-0B76-89C3-D73A7682D2D5}"
EndProject
Project("{FAE04EC0-301F-11D3-BF4B-00C04F79EFBC}") = "Unity.VisualScripting.State", "Unity.VisualScripting.State.Player.csproj", "{59973AA6-D120-7817-E02A-D3F5824E4355}"
EndProject
Project("{FAE04EC0-301F-11D3-BF4B-00C04F79EFBC}") = "Unity.VisualScripting.Core", "Unity.VisualScripting.Core.Player.csproj", "{D4878635-6B5F-76DA-FA27-BBA403952F69}"
EndProject
Project("{FAE04EC0-301F-11D3-BF4B-00C04F79EFBC}") = "Unity.Services.Core.Environments.Internal", "Unity.Services.Core.Environments.Internal.Player.csproj", "{3D1C2C45-9BED-164D-165A-1A94F1B91411}"
EndProject
Project("{FAE04EC0-301F-11D3-BF4B-00C04F79EFBC}") = "Unity.Burst", "Unity.Burst.Player.csproj", "{DDE2C42F-7F2F-B34C-8B9D-BD6B0EFDFF6D}"
EndProject
Project("{FAE04EC0-301F-11D3-BF4B-00C04F79EFBC}") = "Unity.2D.Animation.Runtime", "Unity.2D.Animation.Runtime.Player.csproj", "{80295386-2460-AE57-8976-939D9FB854A2}"
EndProject
Project("{FAE04EC0-301F-11D3-BF4B-00C04F79EFBC}") = "Unity.TextMeshPro", "Unity.TextMeshPro.Player.csproj", "{AB4F8768-0031-91AB-E6E6-9BE61221A452}"
EndProject
Project("{FAE04EC0-301F-11D3-BF4B-00C04F79EFBC}") = "Unity.Timeline", "Unity.Timeline.Player.csproj", "{2EC7BF17-433B-5E0A-8AE6-45AE0987758A}"
EndProject
Project("{FAE04EC0-301F-11D3-BF4B-00C04F79EFBC}") = "Unity.Services.Core", "Unity.Services.Core.Player.csproj", "{4D356588-F545-0E2B-A39A-F9EA1B7335C4}"
EndProject
Project("{FAE04EC0-301F-11D3-BF4B-00C04F79EFBC}") = "Unity.Services.Core.Environments", "Unity.Services.Core.Environments.Player.csproj", "{D68573CA-79E6-56B5-2AF2-BA7F579DD546}"
EndProject
Project("{FAE04EC0-301F-11D3-BF4B-00C04F79EFBC}") = "Unity.Services.Core.Internal", "Unity.Services.Core.Internal.Player.csproj", "{0CCA617F-47AC-D467-9D24-18B6B8EC90D9}"
EndProject
Project("{FAE04EC0-301F-11D3-BF4B-00C04F79EFBC}") = "Unity.Services.Core.Analytics", "Unity.Services.Core.Analytics.Player.csproj", "{6D2EEBC4-4AB3-AE6E-F709-B57212394F1B}"
EndProject
Project("{FAE04EC0-301F-11D3-BF4B-00C04F79EFBC}") = "Unity.2D.SpriteShape.Runtime", "Unity.2D.SpriteShape.Runtime.Player.csproj", "{9D4D8993-3AF2-CEC2-8A87-079B33CE0081}"
EndProject
Project("{FAE04EC0-301F-11D3-BF4B-00C04F79EFBC}") = "Unity.Services.Core.Scheduler", "Unity.Services.Core.Scheduler.Player.csproj", "{D3B7F263-886F-EF27-B6DE-B735EA5B9194}"
EndProject
Project("{FAE04EC0-301F-11D3-BF4B-00C04F79EFBC}") = "Unity.Services.Core.Registration", "Unity.Services.Core.Registration.Player.csproj", "{3AEC6DBA-3FB2-61BE-A7F0-F62784FBA1B4}"
EndProject
Project("{FAE04EC0-301F-11D3-BF4B-00C04F79EFBC}") = "Unity.2D.PixelPerfect", "Unity.2D.PixelPerfect.Player.csproj", "{E69C88CD-20BB-1E7C-0E23-EDBBC08CEDC5}"
EndProject
Project("{FAE04EC0-301F-11D3-BF4B-00C04F79EFBC}") = "Unity.2D.Common.Runtime", "Unity.2D.Common.Runtime.Player.csproj", "{60670B5A-337E-B148-1913-2E55E27BB160}"
EndProject
Project("{FAE04EC0-301F-11D3-BF4B-00C04F79EFBC}") = "Unity.2D.IK.Runtime", "Unity.2D.IK.Runtime.Player.csproj", "{185AF6AC-2B41-260E-114D-5A1B08EB5CC8}"
EndProject
Project("{FAE04EC0-301F-11D3-BF4B-00C04F79EFBC}") = "Unity.Services.Core.Device", "Unity.Services.Core.Device.Player.csproj", "{13D8A721-3553-1842-9A75-F6A25628886C}"
EndProject
Project("{FAE04EC0-301F-11D3-BF4B-00C04F79EFBC}") = "Unity.Services.Core.Threading", "Unity.Services.Core.Threading.Player.csproj", "{6D70437D-DC2B-B729-C0C5-48F020E5F620}"
EndProject
Project("{FAE04EC0-301F-11D3-BF4B-00C04F79EFBC}") = "Unity.2D.Tilemap.Extras", "Unity.2D.Tilemap.Extras.Player.csproj", "{E72CC5CD-4B1A-6C6F-7BC8-D7CF509C89F7}"
EndProject
Project("{FAE04EC0-301F-11D3-BF4B-00C04F79EFBC}") = "Unity.Services.Core.Networking", "Unity.Services.Core.Networking.Player.csproj", "{6BE14592-50D6-2192-AB19-53B32D28AAE0}"
EndProject
Project("{FAE04EC0-301F-11D3-BF4B-00C04F79EFBC}") = "Unity.InternalAPIEngineBridge.001", "Unity.InternalAPIEngineBridge.001.Player.csproj", "{BB16B6EE-F092-3700-1ED4-7E11BEB20E82}"
EndProject
Project("{FAE04EC0-301F-11D3-BF4B-00C04F79EFBC}") = "Unity.Services.Core.Configuration", "Unity.Services.Core.Configuration.Player.csproj", "{66B496BD-BC41-2E2D-344A-F308D5BEE072}"
EndProject
Project("{FAE04EC0-301F-11D3-BF4B-00C04F79EFBC}") = "Assembly-CSharp", "Assembly-CSharp.Player.csproj", "{E9D70870-76CE-87A6-EC09-1B0D75C002D4}"
EndProject
Global
	GlobalSection(SolutionConfigurationPlatforms) = preSolution
		Debug|Any CPU = Debug|Any CPU
		Release|Any CPU = Release|Any CPU
	EndGlobalSection
	GlobalSection(ProjectConfigurationPlatforms) = postSolution
		{93E1969F-183E-72DF-4FFA-3269EAA33B88}.Debug|Any CPU.ActiveCfg = Debug|Any CPU
		{93E1969F-183E-72DF-4FFA-3269EAA33B88}.Debug|Any CPU.Build.0 = Debug|Any CPU
		{93E1969F-183E-72DF-4FFA-3269EAA33B88}.Release|Any CPU.ActiveCfg = Release|Any CPU
		{93E1969F-183E-72DF-4FFA-3269EAA33B88}.Release|Any CPU.Build.0 = Release|Any CPU
		{A365A38C-8236-ADC4-2ED7-AE881EC27A05}.Debug|Any CPU.ActiveCfg = Debug|Any CPU
		{A365A38C-8236-ADC4-2ED7-AE881EC27A05}.Debug|Any CPU.Build.0 = Debug|Any CPU
		{A365A38C-8236-ADC4-2ED7-AE881EC27A05}.Release|Any CPU.ActiveCfg = Release|Any CPU
		{A365A38C-8236-ADC4-2ED7-AE881EC27A05}.Release|Any CPU.Build.0 = Release|Any CPU
		{D20C0182-95FA-7937-FED6-2458D3224612}.Debug|Any CPU.ActiveCfg = Debug|Any CPU
		{D20C0182-95FA-7937-FED6-2458D3224612}.Debug|Any CPU.Build.0 = Debug|Any CPU
		{D20C0182-95FA-7937-FED6-2458D3224612}.Release|Any CPU.ActiveCfg = Release|Any CPU
		{D20C0182-95FA-7937-FED6-2458D3224612}.Release|Any CPU.Build.0 = Release|Any CPU
		{9327F2C3-E1F1-A2DF-7DAD-5A4CDB3F5503}.Debug|Any CPU.ActiveCfg = Debug|Any CPU
		{9327F2C3-E1F1-A2DF-7DAD-5A4CDB3F5503}.Debug|Any CPU.Build.0 = Debug|Any CPU
		{9327F2C3-E1F1-A2DF-7DAD-5A4CDB3F5503}.Release|Any CPU.ActiveCfg = Release|Any CPU
		{9327F2C3-E1F1-A2DF-7DAD-5A4CDB3F5503}.Release|Any CPU.Build.0 = Release|Any CPU
		{5AD0FEFE-4ED0-1EE1-5745-C8B936639AF9}.Debug|Any CPU.ActiveCfg = Debug|Any CPU
		{5AD0FEFE-4ED0-1EE1-5745-C8B936639AF9}.Debug|Any CPU.Build.0 = Debug|Any CPU
		{5AD0FEFE-4ED0-1EE1-5745-C8B936639AF9}.Release|Any CPU.ActiveCfg = Release|Any CPU
		{5AD0FEFE-4ED0-1EE1-5745-C8B936639AF9}.Release|Any CPU.Build.0 = Release|Any CPU
		{07082228-A340-D204-8285-EB02404DD020}.Debug|Any CPU.ActiveCfg = Debug|Any CPU
		{07082228-A340-D204-8285-EB02404DD020}.Debug|Any CPU.Build.0 = Debug|Any CPU
		{07082228-A340-D204-8285-EB02404DD020}.Release|Any CPU.ActiveCfg = Release|Any CPU
		{07082228-A340-D204-8285-EB02404DD020}.Release|Any CPU.Build.0 = Release|Any CPU
		{7746B4DE-5B20-D219-5EEF-BF1E1AC0EB15}.Debug|Any CPU.ActiveCfg = Debug|Any CPU
		{7746B4DE-5B20-D219-5EEF-BF1E1AC0EB15}.Debug|Any CPU.Build.0 = Debug|Any CPU
		{7746B4DE-5B20-D219-5EEF-BF1E1AC0EB15}.Release|Any CPU.ActiveCfg = Release|Any CPU
		{7746B4DE-5B20-D219-5EEF-BF1E1AC0EB15}.Release|Any CPU.Build.0 = Release|Any CPU
		{65D04C31-3B95-5F0B-F2BD-6319859F2503}.Debug|Any CPU.ActiveCfg = Debug|Any CPU
		{65D04C31-3B95-5F0B-F2BD-6319859F2503}.Debug|Any CPU.Build.0 = Debug|Any CPU
		{65D04C31-3B95-5F0B-F2BD-6319859F2503}.Release|Any CPU.ActiveCfg = Release|Any CPU
		{65D04C31-3B95-5F0B-F2BD-6319859F2503}.Release|Any CPU.Build.0 = Release|Any CPU
		{08969C52-1DD4-DFBC-5532-4C33F5567ED1}.Debug|Any CPU.ActiveCfg = Debug|Any CPU
		{08969C52-1DD4-DFBC-5532-4C33F5567ED1}.Debug|Any CPU.Build.0 = Debug|Any CPU
		{08969C52-1DD4-DFBC-5532-4C33F5567ED1}.Release|Any CPU.ActiveCfg = Release|Any CPU
		{08969C52-1DD4-DFBC-5532-4C33F5567ED1}.Release|Any CPU.Build.0 = Release|Any CPU
		{5E3F83D9-8EB1-76BA-CB12-B87363B3C077}.Debug|Any CPU.ActiveCfg = Debug|Any CPU
		{5E3F83D9-8EB1-76BA-CB12-B87363B3C077}.Debug|Any CPU.Build.0 = Debug|Any CPU
		{5E3F83D9-8EB1-76BA-CB12-B87363B3C077}.Release|Any CPU.ActiveCfg = Release|Any CPU
		{5E3F83D9-8EB1-76BA-CB12-B87363B3C077}.Release|Any CPU.Build.0 = Release|Any CPU
		{D0F4D504-CDD2-903A-4998-50C677A50E2B}.Debug|Any CPU.ActiveCfg = Debug|Any CPU
		{D0F4D504-CDD2-903A-4998-50C677A50E2B}.Debug|Any CPU.Build.0 = Debug|Any CPU
		{D0F4D504-CDD2-903A-4998-50C677A50E2B}.Release|Any CPU.ActiveCfg = Release|Any CPU
		{D0F4D504-CDD2-903A-4998-50C677A50E2B}.Release|Any CPU.Build.0 = Release|Any CPU
		{3426A3D9-79E7-3658-3260-C57A62C14072}.Debug|Any CPU.ActiveCfg = Debug|Any CPU
		{3426A3D9-79E7-3658-3260-C57A62C14072}.Debug|Any CPU.Build.0 = Debug|Any CPU
		{3426A3D9-79E7-3658-3260-C57A62C14072}.Release|Any CPU.ActiveCfg = Release|Any CPU
		{3426A3D9-79E7-3658-3260-C57A62C14072}.Release|Any CPU.Build.0 = Release|Any CPU
		{F8D2B24D-ADDC-8651-8051-963245EFF877}.Debug|Any CPU.ActiveCfg = Debug|Any CPU
		{F8D2B24D-ADDC-8651-8051-963245EFF877}.Debug|Any CPU.Build.0 = Debug|Any CPU
		{F8D2B24D-ADDC-8651-8051-963245EFF877}.Release|Any CPU.ActiveCfg = Release|Any CPU
		{F8D2B24D-ADDC-8651-8051-963245EFF877}.Release|Any CPU.Build.0 = Release|Any CPU
		{76ED042C-F0B9-4599-AB90-3FC787E03140}.Debug|Any CPU.ActiveCfg = Debug|Any CPU
		{76ED042C-F0B9-4599-AB90-3FC787E03140}.Debug|Any CPU.Build.0 = Debug|Any CPU
		{76ED042C-F0B9-4599-AB90-3FC787E03140}.Release|Any CPU.ActiveCfg = Release|Any CPU
		{76ED042C-F0B9-4599-AB90-3FC787E03140}.Release|Any CPU.Build.0 = Release|Any CPU
		{FF162C3B-48AC-D05A-6C36-4F13BC18C329}.Debug|Any CPU.ActiveCfg = Debug|Any CPU
		{FF162C3B-48AC-D05A-6C36-4F13BC18C329}.Debug|Any CPU.Build.0 = Debug|Any CPU
		{FF162C3B-48AC-D05A-6C36-4F13BC18C329}.Release|Any CPU.ActiveCfg = Release|Any CPU
		{FF162C3B-48AC-D05A-6C36-4F13BC18C329}.Release|Any CPU.Build.0 = Release|Any CPU
		{E8B8DF82-B284-C28C-5BF0-93C773DF4210}.Debug|Any CPU.ActiveCfg = Debug|Any CPU
		{E8B8DF82-B284-C28C-5BF0-93C773DF4210}.Debug|Any CPU.Build.0 = Debug|Any CPU
		{E8B8DF82-B284-C28C-5BF0-93C773DF4210}.Release|Any CPU.ActiveCfg = Release|Any CPU
		{E8B8DF82-B284-C28C-5BF0-93C773DF4210}.Release|Any CPU.Build.0 = Release|Any CPU
		{71AD8725-F6EC-B688-6074-4C76285DC3A4}.Debug|Any CPU.ActiveCfg = Debug|Any CPU
		{71AD8725-F6EC-B688-6074-4C76285DC3A4}.Debug|Any CPU.Build.0 = Debug|Any CPU
		{71AD8725-F6EC-B688-6074-4C76285DC3A4}.Release|Any CPU.ActiveCfg = Release|Any CPU
		{71AD8725-F6EC-B688-6074-4C76285DC3A4}.Release|Any CPU.Build.0 = Release|Any CPU
		{D2650718-796B-7795-6B8A-4882AC83D68C}.Debug|Any CPU.ActiveCfg = Debug|Any CPU
		{D2650718-796B-7795-6B8A-4882AC83D68C}.Debug|Any CPU.Build.0 = Debug|Any CPU
		{D2650718-796B-7795-6B8A-4882AC83D68C}.Release|Any CPU.ActiveCfg = Release|Any CPU
		{D2650718-796B-7795-6B8A-4882AC83D68C}.Release|Any CPU.Build.0 = Release|Any CPU
		{A0AC5D9D-B454-84D2-726A-716AC9EF0018}.Debug|Any CPU.ActiveCfg = Debug|Any CPU
		{A0AC5D9D-B454-84D2-726A-716AC9EF0018}.Debug|Any CPU.Build.0 = Debug|Any CPU
		{A0AC5D9D-B454-84D2-726A-716AC9EF0018}.Release|Any CPU.ActiveCfg = Release|Any CPU
		{A0AC5D9D-B454-84D2-726A-716AC9EF0018}.Release|Any CPU.Build.0 = Release|Any CPU
		{9F29DD06-B793-5D6E-9B36-1457DFAF784D}.Debug|Any CPU.ActiveCfg = Debug|Any CPU
		{9F29DD06-B793-5D6E-9B36-1457DFAF784D}.Debug|Any CPU.Build.0 = Debug|Any CPU
		{9F29DD06-B793-5D6E-9B36-1457DFAF784D}.Release|Any CPU.ActiveCfg = Release|Any CPU
		{9F29DD06-B793-5D6E-9B36-1457DFAF784D}.Release|Any CPU.Build.0 = Release|Any CPU
		{01F394D5-5AA3-CC41-820A-06E9B9328E38}.Debug|Any CPU.ActiveCfg = Debug|Any CPU
		{01F394D5-5AA3-CC41-820A-06E9B9328E38}.Debug|Any CPU.Build.0 = Debug|Any CPU
		{01F394D5-5AA3-CC41-820A-06E9B9328E38}.Release|Any CPU.ActiveCfg = Release|Any CPU
		{01F394D5-5AA3-CC41-820A-06E9B9328E38}.Release|Any CPU.Build.0 = Release|Any CPU
		{40DCA7E0-436E-1B5D-21C4-E79086FEF9BD}.Debug|Any CPU.ActiveCfg = Debug|Any CPU
		{40DCA7E0-436E-1B5D-21C4-E79086FEF9BD}.Debug|Any CPU.Build.0 = Debug|Any CPU
		{40DCA7E0-436E-1B5D-21C4-E79086FEF9BD}.Release|Any CPU.ActiveCfg = Release|Any CPU
		{40DCA7E0-436E-1B5D-21C4-E79086FEF9BD}.Release|Any CPU.Build.0 = Release|Any CPU
		{0DF31F3C-38DD-76C2-452F-9BF801B0530D}.Debug|Any CPU.ActiveCfg = Debug|Any CPU
		{0DF31F3C-38DD-76C2-452F-9BF801B0530D}.Debug|Any CPU.Build.0 = Debug|Any CPU
		{0DF31F3C-38DD-76C2-452F-9BF801B0530D}.Release|Any CPU.ActiveCfg = Release|Any CPU
		{0DF31F3C-38DD-76C2-452F-9BF801B0530D}.Release|Any CPU.Build.0 = Release|Any CPU
		{9EF036CF-1C17-5276-F885-E7464D012D1C}.Debug|Any CPU.ActiveCfg = Debug|Any CPU
		{9EF036CF-1C17-5276-F885-E7464D012D1C}.Debug|Any CPU.Build.0 = Debug|Any CPU
		{9EF036CF-1C17-5276-F885-E7464D012D1C}.Release|Any CPU.ActiveCfg = Release|Any CPU
		{9EF036CF-1C17-5276-F885-E7464D012D1C}.Release|Any CPU.Build.0 = Release|Any CPU
		{0A22D34D-BF6E-BBAF-F495-B16C63901C32}.Debug|Any CPU.ActiveCfg = Debug|Any CPU
		{0A22D34D-BF6E-BBAF-F495-B16C63901C32}.Debug|Any CPU.Build.0 = Debug|Any CPU
		{0A22D34D-BF6E-BBAF-F495-B16C63901C32}.Release|Any CPU.ActiveCfg = Release|Any CPU
		{0A22D34D-BF6E-BBAF-F495-B16C63901C32}.Release|Any CPU.Build.0 = Release|Any CPU
		{D0070CEB-DAF4-FB2F-2202-31CDA2901C51}.Debug|Any CPU.ActiveCfg = Debug|Any CPU
		{D0070CEB-DAF4-FB2F-2202-31CDA2901C51}.Debug|Any CPU.Build.0 = Debug|Any CPU
		{D0070CEB-DAF4-FB2F-2202-31CDA2901C51}.Release|Any CPU.ActiveCfg = Release|Any CPU
		{D0070CEB-DAF4-FB2F-2202-31CDA2901C51}.Release|Any CPU.Build.0 = Release|Any CPU
		{0F65B7EC-9A49-8531-29B1-499508189CFE}.Debug|Any CPU.ActiveCfg = Debug|Any CPU
		{0F65B7EC-9A49-8531-29B1-499508189CFE}.Debug|Any CPU.Build.0 = Debug|Any CPU
		{0F65B7EC-9A49-8531-29B1-499508189CFE}.Release|Any CPU.ActiveCfg = Release|Any CPU
		{0F65B7EC-9A49-8531-29B1-499508189CFE}.Release|Any CPU.Build.0 = Release|Any CPU
		{C844C1E4-611C-D74F-F46A-80737302DB4D}.Debug|Any CPU.ActiveCfg = Debug|Any CPU
		{C844C1E4-611C-D74F-F46A-80737302DB4D}.Debug|Any CPU.Build.0 = Debug|Any CPU
		{C844C1E4-611C-D74F-F46A-80737302DB4D}.Release|Any CPU.ActiveCfg = Release|Any CPU
		{C844C1E4-611C-D74F-F46A-80737302DB4D}.Release|Any CPU.Build.0 = Release|Any CPU
		{70ED6028-D5F2-31DA-F81D-8756CBE654A6}.Debug|Any CPU.ActiveCfg = Debug|Any CPU
		{70ED6028-D5F2-31DA-F81D-8756CBE654A6}.Debug|Any CPU.Build.0 = Debug|Any CPU
		{70ED6028-D5F2-31DA-F81D-8756CBE654A6}.Release|Any CPU.ActiveCfg = Release|Any CPU
		{70ED6028-D5F2-31DA-F81D-8756CBE654A6}.Release|Any CPU.Build.0 = Release|Any CPU
		{0EFB14CF-2BFD-9E48-E81E-B68C07B91A79}.Debug|Any CPU.ActiveCfg = Debug|Any CPU
		{0EFB14CF-2BFD-9E48-E81E-B68C07B91A79}.Debug|Any CPU.Build.0 = Debug|Any CPU
		{0EFB14CF-2BFD-9E48-E81E-B68C07B91A79}.Release|Any CPU.ActiveCfg = Release|Any CPU
		{0EFB14CF-2BFD-9E48-E81E-B68C07B91A79}.Release|Any CPU.Build.0 = Release|Any CPU
		{1360FBF7-CBFE-89BB-DAE5-48DDEF262EDB}.Debug|Any CPU.ActiveCfg = Debug|Any CPU
		{1360FBF7-CBFE-89BB-DAE5-48DDEF262EDB}.Debug|Any CPU.Build.0 = Debug|Any CPU
		{1360FBF7-CBFE-89BB-DAE5-48DDEF262EDB}.Release|Any CPU.ActiveCfg = Release|Any CPU
		{1360FBF7-CBFE-89BB-DAE5-48DDEF262EDB}.Release|Any CPU.Build.0 = Release|Any CPU
		{F14135FA-D5AD-F081-80C1-8D7307FD08A9}.Debug|Any CPU.ActiveCfg = Debug|Any CPU
		{F14135FA-D5AD-F081-80C1-8D7307FD08A9}.Debug|Any CPU.Build.0 = Debug|Any CPU
		{F14135FA-D5AD-F081-80C1-8D7307FD08A9}.Release|Any CPU.ActiveCfg = Release|Any CPU
		{F14135FA-D5AD-F081-80C1-8D7307FD08A9}.Release|Any CPU.Build.0 = Release|Any CPU
		{CB1AC130-6275-961B-7158-37C89BCF91A4}.Debug|Any CPU.ActiveCfg = Debug|Any CPU
		{CB1AC130-6275-961B-7158-37C89BCF91A4}.Debug|Any CPU.Build.0 = Debug|Any CPU
		{CB1AC130-6275-961B-7158-37C89BCF91A4}.Release|Any CPU.ActiveCfg = Release|Any CPU
		{CB1AC130-6275-961B-7158-37C89BCF91A4}.Release|Any CPU.Build.0 = Release|Any CPU
		{02E85228-5B08-2DA5-FD1D-F9FADFBB97C4}.Debug|Any CPU.ActiveCfg = Debug|Any CPU
		{02E85228-5B08-2DA5-FD1D-F9FADFBB97C4}.Debug|Any CPU.Build.0 = Debug|Any CPU
		{02E85228-5B08-2DA5-FD1D-F9FADFBB97C4}.Release|Any CPU.ActiveCfg = Release|Any CPU
		{02E85228-5B08-2DA5-FD1D-F9FADFBB97C4}.Release|Any CPU.Build.0 = Release|Any CPU
		{651D824D-F2F1-862B-4B85-9394928AC310}.Debug|Any CPU.ActiveCfg = Debug|Any CPU
		{651D824D-F2F1-862B-4B85-9394928AC310}.Debug|Any CPU.Build.0 = Debug|Any CPU
		{651D824D-F2F1-862B-4B85-9394928AC310}.Release|Any CPU.ActiveCfg = Release|Any CPU
		{651D824D-F2F1-862B-4B85-9394928AC310}.Release|Any CPU.Build.0 = Release|Any CPU
		{51784EC2-602F-9E68-AA52-B598F8ECC545}.Debug|Any CPU.ActiveCfg = Debug|Any CPU
		{51784EC2-602F-9E68-AA52-B598F8ECC545}.Debug|Any CPU.Build.0 = Debug|Any CPU
		{51784EC2-602F-9E68-AA52-B598F8ECC545}.Release|Any CPU.ActiveCfg = Release|Any CPU
		{51784EC2-602F-9E68-AA52-B598F8ECC545}.Release|Any CPU.Build.0 = Release|Any CPU
		{2FFBB332-E2A5-E763-9B29-1AB692C5D4C1}.Debug|Any CPU.ActiveCfg = Debug|Any CPU
		{2FFBB332-E2A5-E763-9B29-1AB692C5D4C1}.Debug|Any CPU.Build.0 = Debug|Any CPU
		{2FFBB332-E2A5-E763-9B29-1AB692C5D4C1}.Release|Any CPU.ActiveCfg = Release|Any CPU
		{2FFBB332-E2A5-E763-9B29-1AB692C5D4C1}.Release|Any CPU.Build.0 = Release|Any CPU
		{598439B7-A045-95E5-5856-0933335178FF}.Debug|Any CPU.ActiveCfg = Debug|Any CPU
		{598439B7-A045-95E5-5856-0933335178FF}.Debug|Any CPU.Build.0 = Debug|Any CPU
		{598439B7-A045-95E5-5856-0933335178FF}.Release|Any CPU.ActiveCfg = Release|Any CPU
		{598439B7-A045-95E5-5856-0933335178FF}.Release|Any CPU.Build.0 = Release|Any CPU
		{27645218-878C-B067-E855-AE929C1E4FF4}.Debug|Any CPU.ActiveCfg = Debug|Any CPU
		{27645218-878C-B067-E855-AE929C1E4FF4}.Debug|Any CPU.Build.0 = Debug|Any CPU
		{27645218-878C-B067-E855-AE929C1E4FF4}.Release|Any CPU.ActiveCfg = Release|Any CPU
		{27645218-878C-B067-E855-AE929C1E4FF4}.Release|Any CPU.Build.0 = Release|Any CPU
		{8019BEF7-D212-84ED-30B4-02EF7BC8ECE6}.Debug|Any CPU.ActiveCfg = Debug|Any CPU
		{8019BEF7-D212-84ED-30B4-02EF7BC8ECE6}.Debug|Any CPU.Build.0 = Debug|Any CPU
		{8019BEF7-D212-84ED-30B4-02EF7BC8ECE6}.Release|Any CPU.ActiveCfg = Release|Any CPU
		{8019BEF7-D212-84ED-30B4-02EF7BC8ECE6}.Release|Any CPU.Build.0 = Release|Any CPU
		{4C01BA39-802C-1F40-23FE-401C417D5B64}.Debug|Any CPU.ActiveCfg = Debug|Any CPU
		{4C01BA39-802C-1F40-23FE-401C417D5B64}.Debug|Any CPU.Build.0 = Debug|Any CPU
		{4C01BA39-802C-1F40-23FE-401C417D5B64}.Release|Any CPU.ActiveCfg = Release|Any CPU
		{4C01BA39-802C-1F40-23FE-401C417D5B64}.Release|Any CPU.Build.0 = Release|Any CPU
		{62596D92-E42A-6CEF-F1F1-1BADC2D560FE}.Debug|Any CPU.ActiveCfg = Debug|Any CPU
		{62596D92-E42A-6CEF-F1F1-1BADC2D560FE}.Debug|Any CPU.Build.0 = Debug|Any CPU
		{62596D92-E42A-6CEF-F1F1-1BADC2D560FE}.Release|Any CPU.ActiveCfg = Release|Any CPU
		{62596D92-E42A-6CEF-F1F1-1BADC2D560FE}.Release|Any CPU.Build.0 = Release|Any CPU
		{4B68704C-41E4-2DF4-37B8-EDF8784A8D60}.Debug|Any CPU.ActiveCfg = Debug|Any CPU
		{4B68704C-41E4-2DF4-37B8-EDF8784A8D60}.Debug|Any CPU.Build.0 = Debug|Any CPU
		{4B68704C-41E4-2DF4-37B8-EDF8784A8D60}.Release|Any CPU.ActiveCfg = Release|Any CPU
		{4B68704C-41E4-2DF4-37B8-EDF8784A8D60}.Release|Any CPU.Build.0 = Release|Any CPU
		{095474B5-608E-F54B-473E-9E8470A7C5C7}.Debug|Any CPU.ActiveCfg = Debug|Any CPU
		{095474B5-608E-F54B-473E-9E8470A7C5C7}.Debug|Any CPU.Build.0 = Debug|Any CPU
		{095474B5-608E-F54B-473E-9E8470A7C5C7}.Release|Any CPU.ActiveCfg = Release|Any CPU
		{095474B5-608E-F54B-473E-9E8470A7C5C7}.Release|Any CPU.Build.0 = Release|Any CPU
		{89E717B6-701F-7DAE-1B71-959C4B71328B}.Debug|Any CPU.ActiveCfg = Debug|Any CPU
		{89E717B6-701F-7DAE-1B71-959C4B71328B}.Debug|Any CPU.Build.0 = Debug|Any CPU
		{89E717B6-701F-7DAE-1B71-959C4B71328B}.Release|Any CPU.ActiveCfg = Release|Any CPU
		{89E717B6-701F-7DAE-1B71-959C4B71328B}.Release|Any CPU.Build.0 = Release|Any CPU
		{8B692C56-E14C-9855-9D0C-7CBA3F165832}.Debug|Any CPU.ActiveCfg = Debug|Any CPU
		{8B692C56-E14C-9855-9D0C-7CBA3F165832}.Debug|Any CPU.Build.0 = Debug|Any CPU
		{8B692C56-E14C-9855-9D0C-7CBA3F165832}.Release|Any CPU.ActiveCfg = Release|Any CPU
		{8B692C56-E14C-9855-9D0C-7CBA3F165832}.Release|Any CPU.Build.0 = Release|Any CPU
		{8916605F-2A7D-E511-21B6-23B0E37D451F}.Debug|Any CPU.ActiveCfg = Debug|Any CPU
		{8916605F-2A7D-E511-21B6-23B0E37D451F}.Debug|Any CPU.Build.0 = Debug|Any CPU
		{8916605F-2A7D-E511-21B6-23B0E37D451F}.Release|Any CPU.ActiveCfg = Release|Any CPU
		{8916605F-2A7D-E511-21B6-23B0E37D451F}.Release|Any CPU.Build.0 = Release|Any CPU
		{D85C8A6D-C11C-394B-552C-65961A63C3DC}.Debug|Any CPU.ActiveCfg = Debug|Any CPU
		{D85C8A6D-C11C-394B-552C-65961A63C3DC}.Debug|Any CPU.Build.0 = Debug|Any CPU
		{D85C8A6D-C11C-394B-552C-65961A63C3DC}.Release|Any CPU.ActiveCfg = Release|Any CPU
		{D85C8A6D-C11C-394B-552C-65961A63C3DC}.Release|Any CPU.Build.0 = Release|Any CPU
		{69167CCA-F421-08D7-9531-B8766279662E}.Debug|Any CPU.ActiveCfg = Debug|Any CPU
		{69167CCA-F421-08D7-9531-B8766279662E}.Debug|Any CPU.Build.0 = Debug|Any CPU
		{69167CCA-F421-08D7-9531-B8766279662E}.Release|Any CPU.ActiveCfg = Release|Any CPU
		{69167CCA-F421-08D7-9531-B8766279662E}.Release|Any CPU.Build.0 = Release|Any CPU
		{A71AC073-43F8-DA26-8A9C-C7671C8C2C4C}.Debug|Any CPU.ActiveCfg = Debug|Any CPU
		{A71AC073-43F8-DA26-8A9C-C7671C8C2C4C}.Debug|Any CPU.Build.0 = Debug|Any CPU
		{A71AC073-43F8-DA26-8A9C-C7671C8C2C4C}.Release|Any CPU.ActiveCfg = Release|Any CPU
		{A71AC073-43F8-DA26-8A9C-C7671C8C2C4C}.Release|Any CPU.Build.0 = Release|Any CPU
		{51F715DD-0988-7B3C-F1F0-805FC3B1B837}.Debug|Any CPU.ActiveCfg = Debug|Any CPU
		{51F715DD-0988-7B3C-F1F0-805FC3B1B837}.Debug|Any CPU.Build.0 = Debug|Any CPU
		{51F715DD-0988-7B3C-F1F0-805FC3B1B837}.Release|Any CPU.ActiveCfg = Release|Any CPU
		{51F715DD-0988-7B3C-F1F0-805FC3B1B837}.Release|Any CPU.Build.0 = Release|Any CPU
		{243C5720-4126-680D-366A-20648169F240}.Debug|Any CPU.ActiveCfg = Debug|Any CPU
		{243C5720-4126-680D-366A-20648169F240}.Debug|Any CPU.Build.0 = Debug|Any CPU
		{243C5720-4126-680D-366A-20648169F240}.Release|Any CPU.ActiveCfg = Release|Any CPU
		{243C5720-4126-680D-366A-20648169F240}.Release|Any CPU.Build.0 = Release|Any CPU
		{C9A22F42-358A-BA2F-5538-5A6F04F70883}.Debug|Any CPU.ActiveCfg = Debug|Any CPU
		{C9A22F42-358A-BA2F-5538-5A6F04F70883}.Debug|Any CPU.Build.0 = Debug|Any CPU
		{C9A22F42-358A-BA2F-5538-5A6F04F70883}.Release|Any CPU.ActiveCfg = Release|Any CPU
		{C9A22F42-358A-BA2F-5538-5A6F04F70883}.Release|Any CPU.Build.0 = Release|Any CPU
		{E0B7023A-474E-FB72-A26E-3744DC75EEAD}.Debug|Any CPU.ActiveCfg = Debug|Any CPU
		{E0B7023A-474E-FB72-A26E-3744DC75EEAD}.Debug|Any CPU.Build.0 = Debug|Any CPU
		{E0B7023A-474E-FB72-A26E-3744DC75EEAD}.Release|Any CPU.ActiveCfg = Release|Any CPU
		{E0B7023A-474E-FB72-A26E-3744DC75EEAD}.Release|Any CPU.Build.0 = Release|Any CPU
		{3310977D-FB1F-666A-66D6-F9ACB5B8A4A9}.Debug|Any CPU.ActiveCfg = Debug|Any CPU
		{3310977D-FB1F-666A-66D6-F9ACB5B8A4A9}.Debug|Any CPU.Build.0 = Debug|Any CPU
		{3310977D-FB1F-666A-66D6-F9ACB5B8A4A9}.Release|Any CPU.ActiveCfg = Release|Any CPU
		{3310977D-FB1F-666A-66D6-F9ACB5B8A4A9}.Release|Any CPU.Build.0 = Release|Any CPU
		{41D1CAA6-378A-FDDE-447F-5E0D11EC595C}.Debug|Any CPU.ActiveCfg = Debug|Any CPU
		{41D1CAA6-378A-FDDE-447F-5E0D11EC595C}.Debug|Any CPU.Build.0 = Debug|Any CPU
		{41D1CAA6-378A-FDDE-447F-5E0D11EC595C}.Release|Any CPU.ActiveCfg = Release|Any CPU
		{41D1CAA6-378A-FDDE-447F-5E0D11EC595C}.Release|Any CPU.Build.0 = Release|Any CPU
		{AE3DC65F-EC7F-10DD-ECEE-B4D51AC3A1FC}.Debug|Any CPU.ActiveCfg = Debug|Any CPU
		{AE3DC65F-EC7F-10DD-ECEE-B4D51AC3A1FC}.Debug|Any CPU.Build.0 = Debug|Any CPU
		{AE3DC65F-EC7F-10DD-ECEE-B4D51AC3A1FC}.Release|Any CPU.ActiveCfg = Release|Any CPU
		{AE3DC65F-EC7F-10DD-ECEE-B4D51AC3A1FC}.Release|Any CPU.Build.0 = Release|Any CPU
		{8AB28854-F07F-A2D6-47CD-D6942E1D4756}.Debug|Any CPU.ActiveCfg = Debug|Any CPU
		{8AB28854-F07F-A2D6-47CD-D6942E1D4756}.Debug|Any CPU.Build.0 = Debug|Any CPU
		{8AB28854-F07F-A2D6-47CD-D6942E1D4756}.Release|Any CPU.ActiveCfg = Release|Any CPU
		{8AB28854-F07F-A2D6-47CD-D6942E1D4756}.Release|Any CPU.Build.0 = Release|Any CPU
		{CC2E7854-DD20-9DEC-89A6-C30960E2779E}.Debug|Any CPU.ActiveCfg = Debug|Any CPU
		{CC2E7854-DD20-9DEC-89A6-C30960E2779E}.Debug|Any CPU.Build.0 = Debug|Any CPU
		{CC2E7854-DD20-9DEC-89A6-C30960E2779E}.Release|Any CPU.ActiveCfg = Release|Any CPU
		{CC2E7854-DD20-9DEC-89A6-C30960E2779E}.Release|Any CPU.Build.0 = Release|Any CPU
		{691851A3-EFF1-F587-3D46-20A4BDB45FD1}.Debug|Any CPU.ActiveCfg = Debug|Any CPU
		{691851A3-EFF1-F587-3D46-20A4BDB45FD1}.Debug|Any CPU.Build.0 = Debug|Any CPU
		{691851A3-EFF1-F587-3D46-20A4BDB45FD1}.Release|Any CPU.ActiveCfg = Release|Any CPU
		{691851A3-EFF1-F587-3D46-20A4BDB45FD1}.Release|Any CPU.Build.0 = Release|Any CPU
		{FB4F2334-8C97-75E5-9A7E-330C270D3F40}.Debug|Any CPU.ActiveCfg = Debug|Any CPU
		{FB4F2334-8C97-75E5-9A7E-330C270D3F40}.Debug|Any CPU.Build.0 = Debug|Any CPU
		{FB4F2334-8C97-75E5-9A7E-330C270D3F40}.Release|Any CPU.ActiveCfg = Release|Any CPU
		{FB4F2334-8C97-75E5-9A7E-330C270D3F40}.Release|Any CPU.Build.0 = Release|Any CPU
		{C0648E4C-7C51-D70A-E58F-223B455041A1}.Debug|Any CPU.ActiveCfg = Debug|Any CPU
		{C0648E4C-7C51-D70A-E58F-223B455041A1}.Debug|Any CPU.Build.0 = Debug|Any CPU
		{C0648E4C-7C51-D70A-E58F-223B455041A1}.Release|Any CPU.ActiveCfg = Release|Any CPU
		{C0648E4C-7C51-D70A-E58F-223B455041A1}.Release|Any CPU.Build.0 = Release|Any CPU
		{4031239D-CAE9-4737-9DB3-F5F22378B165}.Debug|Any CPU.ActiveCfg = Debug|Any CPU
		{4031239D-CAE9-4737-9DB3-F5F22378B165}.Debug|Any CPU.Build.0 = Debug|Any CPU
		{4031239D-CAE9-4737-9DB3-F5F22378B165}.Release|Any CPU.ActiveCfg = Release|Any CPU
		{4031239D-CAE9-4737-9DB3-F5F22378B165}.Release|Any CPU.Build.0 = Release|Any CPU
		{7E3C4A9D-D43D-8E11-4B7E-331DB9046856}.Debug|Any CPU.ActiveCfg = Debug|Any CPU
		{7E3C4A9D-D43D-8E11-4B7E-331DB9046856}.Debug|Any CPU.Build.0 = Debug|Any CPU
		{7E3C4A9D-D43D-8E11-4B7E-331DB9046856}.Release|Any CPU.ActiveCfg = Release|Any CPU
		{7E3C4A9D-D43D-8E11-4B7E-331DB9046856}.Release|Any CPU.Build.0 = Release|Any CPU
		{D07BD440-5EE3-0B76-89C3-D73A7682D2D5}.Debug|Any CPU.ActiveCfg = Debug|Any CPU
		{D07BD440-5EE3-0B76-89C3-D73A7682D2D5}.Debug|Any CPU.Build.0 = Debug|Any CPU
		{D07BD440-5EE3-0B76-89C3-D73A7682D2D5}.Release|Any CPU.ActiveCfg = Release|Any CPU
		{D07BD440-5EE3-0B76-89C3-D73A7682D2D5}.Release|Any CPU.Build.0 = Release|Any CPU
		{59973AA6-D120-7817-E02A-D3F5824E4355}.Debug|Any CPU.ActiveCfg = Debug|Any CPU
		{59973AA6-D120-7817-E02A-D3F5824E4355}.Debug|Any CPU.Build.0 = Debug|Any CPU
		{59973AA6-D120-7817-E02A-D3F5824E4355}.Release|Any CPU.ActiveCfg = Release|Any CPU
		{59973AA6-D120-7817-E02A-D3F5824E4355}.Release|Any CPU.Build.0 = Release|Any CPU
		{D4878635-6B5F-76DA-FA27-BBA403952F69}.Debug|Any CPU.ActiveCfg = Debug|Any CPU
		{D4878635-6B5F-76DA-FA27-BBA403952F69}.Debug|Any CPU.Build.0 = Debug|Any CPU
		{D4878635-6B5F-76DA-FA27-BBA403952F69}.Release|Any CPU.ActiveCfg = Release|Any CPU
		{D4878635-6B5F-76DA-FA27-BBA403952F69}.Release|Any CPU.Build.0 = Release|Any CPU
		{3D1C2C45-9BED-164D-165A-1A94F1B91411}.Debug|Any CPU.ActiveCfg = Debug|Any CPU
		{3D1C2C45-9BED-164D-165A-1A94F1B91411}.Debug|Any CPU.Build.0 = Debug|Any CPU
		{3D1C2C45-9BED-164D-165A-1A94F1B91411}.Release|Any CPU.ActiveCfg = Release|Any CPU
		{3D1C2C45-9BED-164D-165A-1A94F1B91411}.Release|Any CPU.Build.0 = Release|Any CPU
		{DDE2C42F-7F2F-B34C-8B9D-BD6B0EFDFF6D}.Debug|Any CPU.ActiveCfg = Debug|Any CPU
		{DDE2C42F-7F2F-B34C-8B9D-BD6B0EFDFF6D}.Debug|Any CPU.Build.0 = Debug|Any CPU
		{DDE2C42F-7F2F-B34C-8B9D-BD6B0EFDFF6D}.Release|Any CPU.ActiveCfg = Release|Any CPU
		{DDE2C42F-7F2F-B34C-8B9D-BD6B0EFDFF6D}.Release|Any CPU.Build.0 = Release|Any CPU
		{80295386-2460-AE57-8976-939D9FB854A2}.Debug|Any CPU.ActiveCfg = Debug|Any CPU
		{80295386-2460-AE57-8976-939D9FB854A2}.Debug|Any CPU.Build.0 = Debug|Any CPU
		{80295386-2460-AE57-8976-939D9FB854A2}.Release|Any CPU.ActiveCfg = Release|Any CPU
		{80295386-2460-AE57-8976-939D9FB854A2}.Release|Any CPU.Build.0 = Release|Any CPU
		{AB4F8768-0031-91AB-E6E6-9BE61221A452}.Debug|Any CPU.ActiveCfg = Debug|Any CPU
		{AB4F8768-0031-91AB-E6E6-9BE61221A452}.Debug|Any CPU.Build.0 = Debug|Any CPU
		{AB4F8768-0031-91AB-E6E6-9BE61221A452}.Release|Any CPU.ActiveCfg = Release|Any CPU
		{AB4F8768-0031-91AB-E6E6-9BE61221A452}.Release|Any CPU.Build.0 = Release|Any CPU
		{2EC7BF17-433B-5E0A-8AE6-45AE0987758A}.Debug|Any CPU.ActiveCfg = Debug|Any CPU
		{2EC7BF17-433B-5E0A-8AE6-45AE0987758A}.Debug|Any CPU.Build.0 = Debug|Any CPU
		{2EC7BF17-433B-5E0A-8AE6-45AE0987758A}.Release|Any CPU.ActiveCfg = Release|Any CPU
		{2EC7BF17-433B-5E0A-8AE6-45AE0987758A}.Release|Any CPU.Build.0 = Release|Any CPU
		{4D356588-F545-0E2B-A39A-F9EA1B7335C4}.Debug|Any CPU.ActiveCfg = Debug|Any CPU
		{4D356588-F545-0E2B-A39A-F9EA1B7335C4}.Debug|Any CPU.Build.0 = Debug|Any CPU
		{4D356588-F545-0E2B-A39A-F9EA1B7335C4}.Release|Any CPU.ActiveCfg = Release|Any CPU
		{4D356588-F545-0E2B-A39A-F9EA1B7335C4}.Release|Any CPU.Build.0 = Release|Any CPU
		{D68573CA-79E6-56B5-2AF2-BA7F579DD546}.Debug|Any CPU.ActiveCfg = Debug|Any CPU
		{D68573CA-79E6-56B5-2AF2-BA7F579DD546}.Debug|Any CPU.Build.0 = Debug|Any CPU
		{D68573CA-79E6-56B5-2AF2-BA7F579DD546}.Release|Any CPU.ActiveCfg = Release|Any CPU
		{D68573CA-79E6-56B5-2AF2-BA7F579DD546}.Release|Any CPU.Build.0 = Release|Any CPU
		{0CCA617F-47AC-D467-9D24-18B6B8EC90D9}.Debug|Any CPU.ActiveCfg = Debug|Any CPU
		{0CCA617F-47AC-D467-9D24-18B6B8EC90D9}.Debug|Any CPU.Build.0 = Debug|Any CPU
		{0CCA617F-47AC-D467-9D24-18B6B8EC90D9}.Release|Any CPU.ActiveCfg = Release|Any CPU
		{0CCA617F-47AC-D467-9D24-18B6B8EC90D9}.Release|Any CPU.Build.0 = Release|Any CPU
		{6D2EEBC4-4AB3-AE6E-F709-B57212394F1B}.Debug|Any CPU.ActiveCfg = Debug|Any CPU
		{6D2EEBC4-4AB3-AE6E-F709-B57212394F1B}.Debug|Any CPU.Build.0 = Debug|Any CPU
		{6D2EEBC4-4AB3-AE6E-F709-B57212394F1B}.Release|Any CPU.ActiveCfg = Release|Any CPU
		{6D2EEBC4-4AB3-AE6E-F709-B57212394F1B}.Release|Any CPU.Build.0 = Release|Any CPU
		{9D4D8993-3AF2-CEC2-8A87-079B33CE0081}.Debug|Any CPU.ActiveCfg = Debug|Any CPU
		{9D4D8993-3AF2-CEC2-8A87-079B33CE0081}.Debug|Any CPU.Build.0 = Debug|Any CPU
		{9D4D8993-3AF2-CEC2-8A87-079B33CE0081}.Release|Any CPU.ActiveCfg = Release|Any CPU
		{9D4D8993-3AF2-CEC2-8A87-079B33CE0081}.Release|Any CPU.Build.0 = Release|Any CPU
		{D3B7F263-886F-EF27-B6DE-B735EA5B9194}.Debug|Any CPU.ActiveCfg = Debug|Any CPU
		{D3B7F263-886F-EF27-B6DE-B735EA5B9194}.Debug|Any CPU.Build.0 = Debug|Any CPU
		{D3B7F263-886F-EF27-B6DE-B735EA5B9194}.Release|Any CPU.ActiveCfg = Release|Any CPU
		{D3B7F263-886F-EF27-B6DE-B735EA5B9194}.Release|Any CPU.Build.0 = Release|Any CPU
		{3AEC6DBA-3FB2-61BE-A7F0-F62784FBA1B4}.Debug|Any CPU.ActiveCfg = Debug|Any CPU
		{3AEC6DBA-3FB2-61BE-A7F0-F62784FBA1B4}.Debug|Any CPU.Build.0 = Debug|Any CPU
		{3AEC6DBA-3FB2-61BE-A7F0-F62784FBA1B4}.Release|Any CPU.ActiveCfg = Release|Any CPU
		{3AEC6DBA-3FB2-61BE-A7F0-F62784FBA1B4}.Release|Any CPU.Build.0 = Release|Any CPU
		{E69C88CD-20BB-1E7C-0E23-EDBBC08CEDC5}.Debug|Any CPU.ActiveCfg = Debug|Any CPU
		{E69C88CD-20BB-1E7C-0E23-EDBBC08CEDC5}.Debug|Any CPU.Build.0 = Debug|Any CPU
		{E69C88CD-20BB-1E7C-0E23-EDBBC08CEDC5}.Release|Any CPU.ActiveCfg = Release|Any CPU
		{E69C88CD-20BB-1E7C-0E23-EDBBC08CEDC5}.Release|Any CPU.Build.0 = Release|Any CPU
		{60670B5A-337E-B148-1913-2E55E27BB160}.Debug|Any CPU.ActiveCfg = Debug|Any CPU
		{60670B5A-337E-B148-1913-2E55E27BB160}.Debug|Any CPU.Build.0 = Debug|Any CPU
		{60670B5A-337E-B148-1913-2E55E27BB160}.Release|Any CPU.ActiveCfg = Release|Any CPU
		{60670B5A-337E-B148-1913-2E55E27BB160}.Release|Any CPU.Build.0 = Release|Any CPU
		{185AF6AC-2B41-260E-114D-5A1B08EB5CC8}.Debug|Any CPU.ActiveCfg = Debug|Any CPU
		{185AF6AC-2B41-260E-114D-5A1B08EB5CC8}.Debug|Any CPU.Build.0 = Debug|Any CPU
		{185AF6AC-2B41-260E-114D-5A1B08EB5CC8}.Release|Any CPU.ActiveCfg = Release|Any CPU
		{185AF6AC-2B41-260E-114D-5A1B08EB5CC8}.Release|Any CPU.Build.0 = Release|Any CPU
		{13D8A721-3553-1842-9A75-F6A25628886C}.Debug|Any CPU.ActiveCfg = Debug|Any CPU
		{13D8A721-3553-1842-9A75-F6A25628886C}.Debug|Any CPU.Build.0 = Debug|Any CPU
		{13D8A721-3553-1842-9A75-F6A25628886C}.Release|Any CPU.ActiveCfg = Release|Any CPU
		{13D8A721-3553-1842-9A75-F6A25628886C}.Release|Any CPU.Build.0 = Release|Any CPU
		{6D70437D-DC2B-B729-C0C5-48F020E5F620}.Debug|Any CPU.ActiveCfg = Debug|Any CPU
		{6D70437D-DC2B-B729-C0C5-48F020E5F620}.Debug|Any CPU.Build.0 = Debug|Any CPU
		{6D70437D-DC2B-B729-C0C5-48F020E5F620}.Release|Any CPU.ActiveCfg = Release|Any CPU
		{6D70437D-DC2B-B729-C0C5-48F020E5F620}.Release|Any CPU.Build.0 = Release|Any CPU
		{E72CC5CD-4B1A-6C6F-7BC8-D7CF509C89F7}.Debug|Any CPU.ActiveCfg = Debug|Any CPU
		{E72CC5CD-4B1A-6C6F-7BC8-D7CF509C89F7}.Debug|Any CPU.Build.0 = Debug|Any CPU
		{E72CC5CD-4B1A-6C6F-7BC8-D7CF509C89F7}.Release|Any CPU.ActiveCfg = Release|Any CPU
		{E72CC5CD-4B1A-6C6F-7BC8-D7CF509C89F7}.Release|Any CPU.Build.0 = Release|Any CPU
		{6BE14592-50D6-2192-AB19-53B32D28AAE0}.Debug|Any CPU.ActiveCfg = Debug|Any CPU
		{6BE14592-50D6-2192-AB19-53B32D28AAE0}.Debug|Any CPU.Build.0 = Debug|Any CPU
		{6BE14592-50D6-2192-AB19-53B32D28AAE0}.Release|Any CPU.ActiveCfg = Release|Any CPU
		{6BE14592-50D6-2192-AB19-53B32D28AAE0}.Release|Any CPU.Build.0 = Release|Any CPU
		{BB16B6EE-F092-3700-1ED4-7E11BEB20E82}.Debug|Any CPU.ActiveCfg = Debug|Any CPU
		{BB16B6EE-F092-3700-1ED4-7E11BEB20E82}.Debug|Any CPU.Build.0 = Debug|Any CPU
		{BB16B6EE-F092-3700-1ED4-7E11BEB20E82}.Release|Any CPU.ActiveCfg = Release|Any CPU
		{BB16B6EE-F092-3700-1ED4-7E11BEB20E82}.Release|Any CPU.Build.0 = Release|Any CPU
		{66B496BD-BC41-2E2D-344A-F308D5BEE072}.Debug|Any CPU.ActiveCfg = Debug|Any CPU
		{66B496BD-BC41-2E2D-344A-F308D5BEE072}.Debug|Any CPU.Build.0 = Debug|Any CPU
		{66B496BD-BC41-2E2D-344A-F308D5BEE072}.Release|Any CPU.ActiveCfg = Release|Any CPU
		{66B496BD-BC41-2E2D-344A-F308D5BEE072}.Release|Any CPU.Build.0 = Release|Any CPU
		{E9D70870-76CE-87A6-EC09-1B0D75C002D4}.Debug|Any CPU.ActiveCfg = Debug|Any CPU
		{E9D70870-76CE-87A6-EC09-1B0D75C002D4}.Debug|Any CPU.Build.0 = Debug|Any CPU
		{E9D70870-76CE-87A6-EC09-1B0D75C002D4}.Release|Any CPU.ActiveCfg = Release|Any CPU
		{E9D70870-76CE-87A6-EC09-1B0D75C002D4}.Release|Any CPU.Build.0 = Release|Any CPU
	EndGlobalSection
	GlobalSection(SolutionProperties) = preSolution
		HideSolutionNode = FALSE
	EndGlobalSection
EndGlobal
